
Microsoft Visual Studio Solution File, Format Version 12.00
# Visual Studio Version 17
VisualStudioVersion = 17.5.33530.505
MinimumVisualStudioVersion = 10.0.40219.1
Project("{FAE04EC0-301F-11D3-BF4B-00C04F79EFBC}") = "SyncClientWinForms", "SyncClientWinForms.csproj", "{17DE606C-DA57-4141-B871-5E74A6733F47}"
EndProject
Global
	GlobalSection(SolutionConfigurationPlatforms) = preSolution
		Debug|Any CPU = Debug|Any CPU
		Release|Any CPU = Release|Any CPU
	EndGlobalSection
	GlobalSection(ProjectConfigurationPlatforms) = postSolution
		{17DE606C-DA57-4141-B871-5E74A6733F47}.Debug|Any CPU.ActiveCfg = Debug|Any CPU
		{17DE606C-DA57-4141-B871-5E74A6733F47}.Debug|Any CPU.Build.0 = Debug|Any CPU
		{17DE606C-DA57-4141-B871-5E74A6733F47}.Release|Any CPU.ActiveCfg = Release|Any CPU
		{17DE606C-DA57-4141-B871-5E74A6733F47}.Release|Any CPU.Build.0 = Release|Any CPU
	EndGlobalSection
	GlobalSection(SolutionProperties) = preSolution
		HideSolutionNode = FALSE
	EndGlobalSection
	GlobalSection(ExtensibilityGlobals) = postSolution
		SolutionGuid = {4DDBEDA9-D4E6-4A03-9410-C662E0374F5C}
	EndGlobalSection
EndGlobal
